
Microsoft Visual Studio Solution File, Format Version 12.00
# Visual Studio Version 17
VisualStudioVersion = 17.8.34316.72
MinimumVisualStudioVersion = 10.0.40219.1
Project("{FAE04EC0-301F-11D3-BF4B-00C04F79EFBC}") = "lab05", "lab05\lab05.csproj", "{81E32BA0-BABC-4BDF-8087-FA68B11DFA83}"
EndProject
Global
	GlobalSection(SolutionConfigurationPlatforms) = preSolution
		Debug|Any CPU = Debug|Any CPU
		Release|Any CPU = Release|Any CPU
	EndGlobalSection
	GlobalSection(ProjectConfigurationPlatforms) = postSolution
		{81E32BA0-BABC-4BDF-8087-FA68B11DFA83}.Debug|Any CPU.ActiveCfg = Debug|Any CPU
		{81E32BA0-BABC-4BDF-8087-FA68B11DFA83}.Debug|Any CPU.Build.0 = Debug|Any CPU
		{81E32BA0-BABC-4BDF-8087-FA68B11DFA83}.Release|Any CPU.ActiveCfg = Release|Any CPU
		{81E32BA0-BABC-4BDF-8087-FA68B11DFA83}.Release|Any CPU.Build.0 = Release|Any CPU
	EndGlobalSection
	GlobalSection(SolutionProperties) = preSolution
		HideSolutionNode = FALSE
	EndGlobalSection
	GlobalSection(ExtensibilityGlobals) = postSolution
		SolutionGuid = {75FC376D-D9DD-4999-94C0-12D779B0C87D}
	EndGlobalSection
EndGlobal
